
Microsoft Visual Studio Solution File, Format Version 12.00
# Visual Studio Version 17
VisualStudioVersion = 17.0.31903.59
MinimumVisualStudioVersion = 10.0.40219.1
Project("{FAE04EC0-301F-11D3-BF4B-00C04F79EFBC}") = "MarketDataDomain.API", "MarketDataDomain.API\MarketDataDomain.API.csproj", "{B4D8B8B9-E692-4727-99FC-7F033680B583}"
EndProject
Project("{FAE04EC0-301F-11D3-BF4B-00C04F79EFBC}") = "BusinessLogicDomain.API", "..\BusinessLogicDomain\BusinessLogicDomain.API\BusinessLogicDomain.API.csproj", "{0C74B8CF-8E50-4967-B1EE-FA7BB8635302}"
EndProject
Project("{FAE04EC0-301F-11D3-BF4B-00C04F79EFBC}") = "MarketDataDomain.Tests", "MarketDataDomain.Tests\MarketDataDomain.Tests.csproj", "{DF9A67F2-FC59-4DCB-A116-92CE3EBB0129}"
EndProject
Global
	GlobalSection(SolutionConfigurationPlatforms) = preSolution
		Debug|Any CPU = Debug|Any CPU
		Release|Any CPU = Release|Any CPU
	EndGlobalSection
	GlobalSection(SolutionProperties) = preSolution
		HideSolutionNode = FALSE
	EndGlobalSection
	GlobalSection(ProjectConfigurationPlatforms) = postSolution
		{B4D8B8B9-E692-4727-99FC-7F033680B583}.Debug|Any CPU.ActiveCfg = Debug|Any CPU
		{B4D8B8B9-E692-4727-99FC-7F033680B583}.Debug|Any CPU.Build.0 = Debug|Any CPU
		{B4D8B8B9-E692-4727-99FC-7F033680B583}.Release|Any CPU.ActiveCfg = Release|Any CPU
		{B4D8B8B9-E692-4727-99FC-7F033680B583}.Release|Any CPU.Build.0 = Release|Any CPU
		{0C74B8CF-8E50-4967-B1EE-FA7BB8635302}.Debug|Any CPU.ActiveCfg = Debug|Any CPU
		{0C74B8CF-8E50-4967-B1EE-FA7BB8635302}.Debug|Any CPU.Build.0 = Debug|Any CPU
		{0C74B8CF-8E50-4967-B1EE-FA7BB8635302}.Release|Any CPU.ActiveCfg = Release|Any CPU
		{0C74B8CF-8E50-4967-B1EE-FA7BB8635302}.Release|Any CPU.Build.0 = Release|Any CPU
		{DF9A67F2-FC59-4DCB-A116-92CE3EBB0129}.Debug|Any CPU.ActiveCfg = Debug|Any CPU
		{DF9A67F2-FC59-4DCB-A116-92CE3EBB0129}.Debug|Any CPU.Build.0 = Debug|Any CPU
		{DF9A67F2-FC59-4DCB-A116-92CE3EBB0129}.Release|Any CPU.ActiveCfg = Release|Any CPU
		{DF9A67F2-FC59-4DCB-A116-92CE3EBB0129}.Release|Any CPU.Build.0 = Release|Any CPU
	EndGlobalSection
EndGlobal
